# This file was autogenerated by Stack.
# You should not edit this file by hand.
# For more information, please see the documentation at:
#   https://docs.haskellstack.org/en/stable/lock_files

packages: []
snapshots:
- completed:
    size: 471739
    url: https://raw.githubusercontent.com/commercialhaskell/stackage-snapshots/master/nightly/2020/1/31.yaml
    sha256: 33d27fc35a58c51d7a8873c8538e64053560031210613cb218232f398c266f82
  original: nightly-2020-01-31
